
Microsoft Visual Studio Solution File, Format Version 12.00
# Visual Studio Version 17
VisualStudioVersion = 17.11.35222.181
MinimumVisualStudioVersion = 10.0.40219.1
Project("{FAE04EC0-301F-11D3-BF4B-00C04F79EFBC}") = "GameBook.Server", "GameBook.Server\GameBook.Server.csproj", "{5729EC9F-CC3B-41EB-B95E-802BE5A665F9}"
EndProject
Project("{54A90642-561A-4BB1-A94E-469ADEE60C69}") = "gamebook.client", "gamebook.client\gamebook.client.esproj", "{0115825B-3013-4312-9825-6FCA44D50E43}"
EndProject
Global
	GlobalSection(SolutionConfigurationPlatforms) = preSolution
		Debug|Any CPU = Debug|Any CPU
		Release|Any CPU = Release|Any CPU
	EndGlobalSection
	GlobalSection(ProjectConfigurationPlatforms) = postSolution
		{5729EC9F-CC3B-41EB-B95E-802BE5A665F9}.Debug|Any CPU.ActiveCfg = Debug|Any CPU
		{5729EC9F-CC3B-41EB-B95E-802BE5A665F9}.Debug|Any CPU.Build.0 = Debug|Any CPU
		{5729EC9F-CC3B-41EB-B95E-802BE5A665F9}.Release|Any CPU.ActiveCfg = Release|Any CPU
		{5729EC9F-CC3B-41EB-B95E-802BE5A665F9}.Release|Any CPU.Build.0 = Release|Any CPU
		{0115825B-3013-4312-9825-6FCA44D50E43}.Debug|Any CPU.ActiveCfg = Debug|Any CPU
		{0115825B-3013-4312-9825-6FCA44D50E43}.Debug|Any CPU.Build.0 = Debug|Any CPU
		{0115825B-3013-4312-9825-6FCA44D50E43}.Debug|Any CPU.Deploy.0 = Debug|Any CPU
		{0115825B-3013-4312-9825-6FCA44D50E43}.Release|Any CPU.ActiveCfg = Release|Any CPU
		{0115825B-3013-4312-9825-6FCA44D50E43}.Release|Any CPU.Build.0 = Release|Any CPU
		{0115825B-3013-4312-9825-6FCA44D50E43}.Release|Any CPU.Deploy.0 = Release|Any CPU
	EndGlobalSection
	GlobalSection(SolutionProperties) = preSolution
		HideSolutionNode = FALSE
	EndGlobalSection
	GlobalSection(ExtensibilityGlobals) = postSolution
		SolutionGuid = {1C708FB8-1250-4BF0-87F4-389C63896F6A}
	EndGlobalSection
EndGlobal
